<?xml version="1.0" encoding="utf-8"?>
<Project ToolsVersion="4.0" xmlns="http://schemas.microsoft.com/developer/msbuild/2003">
  <ItemGroup>
    <Filter Include="ахуели пастеры">
      <UniqueIdentifier>{67DA6AB6-F800-4c08-8B7A-83BB121AAD01}</UniqueIdentifier>
      <Extensions>rc;ico;cur;bmp;dlg;rc2;rct;bin;rgs;gif;jpg;jpeg;jpe;resx;tiff;tif;png;wav;mfcribbon-ms</Extensions>
    </Filter>
    <Filter Include="куда на миноки напали">
      <UniqueIdentifier>{4FC737F1-C7A5-4376-A066-2A32D752A2FF}</UniqueIdentifier>
      <Extensions>cpp;c;cc;cxx;c++;cppm;ixx;def;odl;idl;hpj;bat;asm;asmx</Extensions>
    </Filter>
    <Filter Include="сосал%3f">
      <UniqueIdentifier>{93995380-89BD-4b04-88EB-625FBE52EBFB}</UniqueIdentifier>
      <Extensions>h;hh;hpp;hxx;h++;hm;inl;inc;ipp;xsd</Extensions>
    </Filter>
  </ItemGroup>
  <ItemGroup>
    <ClInclude Include="il2cpp.h">
      <Filter>сосал%3f</Filter>
    </ClInclude>
    <ClInclude Include="XorStr.h">
      <Filter>сосал%3f</Filter>
    </ClInclude>
    <ClInclude Include="Crt.h">
      <Filter>сосал%3f</Filter>
    </ClInclude>
    <ClInclude Include="Memory.h">
      <Filter>сосал%3f</Filter>
    </ClInclude>
    <ClInclude Include="string.h">
      <Filter>сосал%3f</Filter>
    </ClInclude>
    <ClInclude Include="GameClass.h">
      <Filter>сосал%3f</Filter>
    </ClInclude>
    <ClInclude Include="Render.h">
      <Filter>сосал%3f</Filter>
    </ClInclude>
    <ClInclude Include="math.h">
      <Filter>сосал%3f</Filter>
    </ClInclude>
    <ClInclude Include="Structs.h">
      <Filter>сосал%3f</Filter>
    </ClInclude>
    <ClInclude Include="Menu.h">
      <Filter>сосал%3f</Filter>
    </ClInclude>
    <ClInclude Include="Vars.h">
      <Filter>сосал%3f</Filter>
    </ClInclude>
    <ClInclude Include="Maths.h">
      <Filter>сосал%3f</Filter>
    </ClInclude>
    <ClInclude Include="Configs.h">
      <Filter>сосал%3f</Filter>
    </ClInclude>
    <ClInclude Include="loop.h">
      <Filter>сосал%3f</Filter>
    </ClInclude>
    <ClInclude Include="offest.h">
      <Filter>сосал%3f</Filter>
    </ClInclude>
    <ClInclude Include="esp.h">
      <Filter>сосал%3f</Filter>
    </ClInclude>
  </ItemGroup>
  <ItemGroup>
    <ClCompile Include="dllmain.cpp">
      <Filter>куда на миноки напали</Filter>
    </ClCompile>
    <ClCompile Include="memory.cpp">
      <Filter>куда на миноки напали</Filter>
    </ClCompile>
    <ClCompile Include="string.cpp">
      <Filter>куда на миноки напали</Filter>
    </ClCompile>
    <ClCompile Include="math.cpp">
      <Filter>куда на миноки напали</Filter>
    </ClCompile>
  </ItemGroup>
</Project>